
Microsoft Visual Studio Solution File, Format Version 12.00
# Visual Studio Version 17
VisualStudioVersion = 17.0.32014.148
MinimumVisualStudioVersion = 10.0.40219.1
Project("{9A19103F-16F7-4668-BE54-9A1E7A4F7556}") = "Tapper.Attributes", "src\Tapper.Attributes\Tapper.Attributes.csproj", "{49056525-99B9-4862-95EA-04F1C5DCB8F1}"
EndProject
Project("{2150E333-8FDC-42A3-9474-1A3956D46DE8}") = "src", "src", "{5824B27B-4772-4139-AFF3-169FF2C004E3}"
EndProject
Project("{9A19103F-16F7-4668-BE54-9A1E7A4F7556}") = "Tapper", "src\Tapper\Tapper.csproj", "{5440F673-25B8-42E2-8038-4FD391D75418}"
EndProject
Project("{9A19103F-16F7-4668-BE54-9A1E7A4F7556}") = "Tapper.Generator", "src\Tapper.Generator\Tapper.Generator.csproj", "{B4294C69-006B-4E43-8470-C6637C61C965}"
EndProject
Project("{2150E333-8FDC-42A3-9474-1A3956D46DE8}") = "sandbox", "sandbox", "{9CD988FD-DEB5-4902-80F9-65DAAF8C59A0}"
EndProject
Project("{9A19103F-16F7-4668-BE54-9A1E7A4F7556}") = "SampleTypes", "sandbox\SampleTypes\SampleTypes.csproj", "{CB4614DB-679E-48A4-968B-BCA439EC95E4}"
EndProject
Project("{9A19103F-16F7-4668-BE54-9A1E7A4F7556}") = "Tapper.Analyzer", "src\Tapper.Analyzer\Tapper.Analyzer.csproj", "{11BAF88E-7F30-437F-AB2F-9B29D80D3FD6}"
EndProject
Project("{9A19103F-16F7-4668-BE54-9A1E7A4F7556}") = "JsonSandbox", "sandbox\JsonSandbox\JsonSandbox.csproj", "{2B70B1E7-41D3-4431-9BFE-8132FB604DDF}"
EndProject
Project("{9A19103F-16F7-4668-BE54-9A1E7A4F7556}") = "MessagePackSandbox", "sandbox\MessagePackSandbox\MessagePackSandbox.csproj", "{34B1165A-7D24-488A-858B-8C6BD9F44AF1}"
EndProject
Project("{2150E333-8FDC-42A3-9474-1A3956D46DE8}") = "tests", "tests", "{DC7F780E-3C20-4CFA-9CA9-1DB36806958F}"
EndProject
Project("{9A19103F-16F7-4668-BE54-9A1E7A4F7556}") = "Tapper.Test.SourceTypes", "tests\Tapper.Test.SourceTypes\Tapper.Test.SourceTypes.csproj", "{5813AD41-9B0D-44F8-819C-7F10D8B2C669}"
EndProject
Project("{9A19103F-16F7-4668-BE54-9A1E7A4F7556}") = "Tapper.Tests", "tests\Tapper.Tests\Tapper.Tests.csproj", "{9EBBE9BE-2498-402A-B53F-704550FF584F}"
EndProject
Project("{9A19103F-16F7-4668-BE54-9A1E7A4F7556}") = "Tapper.Tests.Analyzer", "tests\Tapper.Tests.Analyzer\Tapper.Tests.Analyzer.csproj", "{A5FE864E-1243-4504-990C-ED5DBE9B8762}"
EndProject
Project("{9A19103F-16F7-4668-BE54-9A1E7A4F7556}") = "Tapper.Tests.Server", "tests\Tapper.Tests.Server\Tapper.Tests.Server.csproj", "{A6E38AD0-2AFB-48A8-8EF9-FB4F31F33072}"
EndProject
Project("{FAE04EC0-301F-11D3-BF4B-00C04F79EFBC}") = "Tapper.Tests.AsmReference", "tests\Tapper.Tests.AsmReference\Tapper.Tests.AsmReference.csproj", "{A2AF06B7-DDC3-4B1E-B0DF-0D3B9D9192F2}"
EndProject
Project("{FAE04EC0-301F-11D3-BF4B-00C04F79EFBC}") = "Tapper.Tests.AsmReference.SourceTypes1", "tests\Tapper.Tests.AsmReference.SourceTypes1\Tapper.Tests.AsmReference.SourceTypes1.csproj", "{6C28BF96-223B-4AFF-8A55-A6F9D76109AB}"
EndProject
Project("{FAE04EC0-301F-11D3-BF4B-00C04F79EFBC}") = "Tapper.Tests.AsmReference.SourceTypes2", "tests\Tapper.Tests.AsmReference.SourceTypes2\Tapper.Tests.AsmReference.SourceTypes2.csproj", "{8FF30757-9E57-4D20-AD71-C5FCDEDE7D18}"
EndProject
Global
	GlobalSection(SolutionConfigurationPlatforms) = preSolution
		Debug|Any CPU = Debug|Any CPU
		Release|Any CPU = Release|Any CPU
	EndGlobalSection
	GlobalSection(ProjectConfigurationPlatforms) = postSolution
		{49056525-99B9-4862-95EA-04F1C5DCB8F1}.Debug|Any CPU.ActiveCfg = Debug|Any CPU
		{49056525-99B9-4862-95EA-04F1C5DCB8F1}.Debug|Any CPU.Build.0 = Debug|Any CPU
		{49056525-99B9-4862-95EA-04F1C5DCB8F1}.Release|Any CPU.ActiveCfg = Release|Any CPU
		{49056525-99B9-4862-95EA-04F1C5DCB8F1}.Release|Any CPU.Build.0 = Release|Any CPU
		{5440F673-25B8-42E2-8038-4FD391D75418}.Debug|Any CPU.ActiveCfg = Debug|Any CPU
		{5440F673-25B8-42E2-8038-4FD391D75418}.Debug|Any CPU.Build.0 = Debug|Any CPU
		{5440F673-25B8-42E2-8038-4FD391D75418}.Release|Any CPU.ActiveCfg = Release|Any CPU
		{5440F673-25B8-42E2-8038-4FD391D75418}.Release|Any CPU.Build.0 = Release|Any CPU
		{B4294C69-006B-4E43-8470-C6637C61C965}.Debug|Any CPU.ActiveCfg = Debug|Any CPU
		{B4294C69-006B-4E43-8470-C6637C61C965}.Debug|Any CPU.Build.0 = Debug|Any CPU
		{B4294C69-006B-4E43-8470-C6637C61C965}.Release|Any CPU.ActiveCfg = Release|Any CPU
		{B4294C69-006B-4E43-8470-C6637C61C965}.Release|Any CPU.Build.0 = Release|Any CPU
		{CB4614DB-679E-48A4-968B-BCA439EC95E4}.Debug|Any CPU.ActiveCfg = Debug|Any CPU
		{CB4614DB-679E-48A4-968B-BCA439EC95E4}.Debug|Any CPU.Build.0 = Debug|Any CPU
		{CB4614DB-679E-48A4-968B-BCA439EC95E4}.Release|Any CPU.ActiveCfg = Release|Any CPU
		{CB4614DB-679E-48A4-968B-BCA439EC95E4}.Release|Any CPU.Build.0 = Release|Any CPU
		{11BAF88E-7F30-437F-AB2F-9B29D80D3FD6}.Debug|Any CPU.ActiveCfg = Debug|Any CPU
		{11BAF88E-7F30-437F-AB2F-9B29D80D3FD6}.Debug|Any CPU.Build.0 = Debug|Any CPU
		{11BAF88E-7F30-437F-AB2F-9B29D80D3FD6}.Release|Any CPU.ActiveCfg = Release|Any CPU
		{11BAF88E-7F30-437F-AB2F-9B29D80D3FD6}.Release|Any CPU.Build.0 = Release|Any CPU
		{2B70B1E7-41D3-4431-9BFE-8132FB604DDF}.Debug|Any CPU.ActiveCfg = Debug|Any CPU
		{2B70B1E7-41D3-4431-9BFE-8132FB604DDF}.Debug|Any CPU.Build.0 = Debug|Any CPU
		{2B70B1E7-41D3-4431-9BFE-8132FB604DDF}.Release|Any CPU.ActiveCfg = Release|Any CPU
		{2B70B1E7-41D3-4431-9BFE-8132FB604DDF}.Release|Any CPU.Build.0 = Release|Any CPU
		{34B1165A-7D24-488A-858B-8C6BD9F44AF1}.Debug|Any CPU.ActiveCfg = Debug|Any CPU
		{34B1165A-7D24-488A-858B-8C6BD9F44AF1}.Debug|Any CPU.Build.0 = Debug|Any CPU
		{34B1165A-7D24-488A-858B-8C6BD9F44AF1}.Release|Any CPU.ActiveCfg = Release|Any CPU
		{34B1165A-7D24-488A-858B-8C6BD9F44AF1}.Release|Any CPU.Build.0 = Release|Any CPU
		{5813AD41-9B0D-44F8-819C-7F10D8B2C669}.Debug|Any CPU.ActiveCfg = Debug|Any CPU
		{5813AD41-9B0D-44F8-819C-7F10D8B2C669}.Debug|Any CPU.Build.0 = Debug|Any CPU
		{5813AD41-9B0D-44F8-819C-7F10D8B2C669}.Release|Any CPU.ActiveCfg = Release|Any CPU
		{5813AD41-9B0D-44F8-819C-7F10D8B2C669}.Release|Any CPU.Build.0 = Release|Any CPU
		{9EBBE9BE-2498-402A-B53F-704550FF584F}.Debug|Any CPU.ActiveCfg = Debug|Any CPU
		{9EBBE9BE-2498-402A-B53F-704550FF584F}.Debug|Any CPU.Build.0 = Debug|Any CPU
		{9EBBE9BE-2498-402A-B53F-704550FF584F}.Release|Any CPU.ActiveCfg = Release|Any CPU
		{9EBBE9BE-2498-402A-B53F-704550FF584F}.Release|Any CPU.Build.0 = Release|Any CPU
		{A5FE864E-1243-4504-990C-ED5DBE9B8762}.Debug|Any CPU.ActiveCfg = Debug|Any CPU
		{A5FE864E-1243-4504-990C-ED5DBE9B8762}.Debug|Any CPU.Build.0 = Debug|Any CPU
		{A5FE864E-1243-4504-990C-ED5DBE9B8762}.Release|Any CPU.ActiveCfg = Release|Any CPU
		{A5FE864E-1243-4504-990C-ED5DBE9B8762}.Release|Any CPU.Build.0 = Release|Any CPU
		{A6E38AD0-2AFB-48A8-8EF9-FB4F31F33072}.Debug|Any CPU.ActiveCfg = Debug|Any CPU
		{A6E38AD0-2AFB-48A8-8EF9-FB4F31F33072}.Debug|Any CPU.Build.0 = Debug|Any CPU
		{A6E38AD0-2AFB-48A8-8EF9-FB4F31F33072}.Release|Any CPU.ActiveCfg = Release|Any CPU
		{A6E38AD0-2AFB-48A8-8EF9-FB4F31F33072}.Release|Any CPU.Build.0 = Release|Any CPU
		{A2AF06B7-DDC3-4B1E-B0DF-0D3B9D9192F2}.Debug|Any CPU.ActiveCfg = Debug|Any CPU
		{A2AF06B7-DDC3-4B1E-B0DF-0D3B9D9192F2}.Debug|Any CPU.Build.0 = Debug|Any CPU
		{A2AF06B7-DDC3-4B1E-B0DF-0D3B9D9192F2}.Release|Any CPU.ActiveCfg = Release|Any CPU
		{A2AF06B7-DDC3-4B1E-B0DF-0D3B9D9192F2}.Release|Any CPU.Build.0 = Release|Any CPU
		{6C28BF96-223B-4AFF-8A55-A6F9D76109AB}.Debug|Any CPU.ActiveCfg = Debug|Any CPU
		{6C28BF96-223B-4AFF-8A55-A6F9D76109AB}.Debug|Any CPU.Build.0 = Debug|Any CPU
		{6C28BF96-223B-4AFF-8A55-A6F9D76109AB}.Release|Any CPU.ActiveCfg = Release|Any CPU
		{6C28BF96-223B-4AFF-8A55-A6F9D76109AB}.Release|Any CPU.Build.0 = Release|Any CPU
		{8FF30757-9E57-4D20-AD71-C5FCDEDE7D18}.Debug|Any CPU.ActiveCfg = Debug|Any CPU
		{8FF30757-9E57-4D20-AD71-C5FCDEDE7D18}.Debug|Any CPU.Build.0 = Debug|Any CPU
		{8FF30757-9E57-4D20-AD71-C5FCDEDE7D18}.Release|Any CPU.ActiveCfg = Release|Any CPU
		{8FF30757-9E57-4D20-AD71-C5FCDEDE7D18}.Release|Any CPU.Build.0 = Release|Any CPU
	EndGlobalSection
	GlobalSection(SolutionProperties) = preSolution
		HideSolutionNode = FALSE
	EndGlobalSection
	GlobalSection(NestedProjects) = preSolution
		{49056525-99B9-4862-95EA-04F1C5DCB8F1} = {5824B27B-4772-4139-AFF3-169FF2C004E3}
		{5440F673-25B8-42E2-8038-4FD391D75418} = {5824B27B-4772-4139-AFF3-169FF2C004E3}
		{B4294C69-006B-4E43-8470-C6637C61C965} = {5824B27B-4772-4139-AFF3-169FF2C004E3}
		{CB4614DB-679E-48A4-968B-BCA439EC95E4} = {9CD988FD-DEB5-4902-80F9-65DAAF8C59A0}
		{11BAF88E-7F30-437F-AB2F-9B29D80D3FD6} = {5824B27B-4772-4139-AFF3-169FF2C004E3}
		{2B70B1E7-41D3-4431-9BFE-8132FB604DDF} = {9CD988FD-DEB5-4902-80F9-65DAAF8C59A0}
		{34B1165A-7D24-488A-858B-8C6BD9F44AF1} = {9CD988FD-DEB5-4902-80F9-65DAAF8C59A0}
		{5813AD41-9B0D-44F8-819C-7F10D8B2C669} = {DC7F780E-3C20-4CFA-9CA9-1DB36806958F}
		{9EBBE9BE-2498-402A-B53F-704550FF584F} = {DC7F780E-3C20-4CFA-9CA9-1DB36806958F}
		{A5FE864E-1243-4504-990C-ED5DBE9B8762} = {DC7F780E-3C20-4CFA-9CA9-1DB36806958F}
		{A6E38AD0-2AFB-48A8-8EF9-FB4F31F33072} = {DC7F780E-3C20-4CFA-9CA9-1DB36806958F}
		{A2AF06B7-DDC3-4B1E-B0DF-0D3B9D9192F2} = {DC7F780E-3C20-4CFA-9CA9-1DB36806958F}
		{6C28BF96-223B-4AFF-8A55-A6F9D76109AB} = {DC7F780E-3C20-4CFA-9CA9-1DB36806958F}
		{8FF30757-9E57-4D20-AD71-C5FCDEDE7D18} = {DC7F780E-3C20-4CFA-9CA9-1DB36806958F}
	EndGlobalSection
	GlobalSection(ExtensibilityGlobals) = postSolution
		SolutionGuid = {2BBF417F-E9B4-477F-B9AF-D2016323172E}
	EndGlobalSection
EndGlobal
